
Microsoft Visual Studio Solution File, Format Version 12.00
# Visual Studio Version 17
VisualStudioVersion = 17.7.34202.233
MinimumVisualStudioVersion = 10.0.40219.1
Project("{FAE04EC0-301F-11D3-BF4B-00C04F79EFBC}") = "Smileys", "Smileys\Smileys.csproj", "{00FE126F-3861-4A12-837A-05E09CEA876B}"
EndProject
Global
	GlobalSection(SolutionConfigurationPlatforms) = preSolution
		Debug|Any CPU = Debug|Any CPU
		Release|Any CPU = Release|Any CPU
	EndGlobalSection
	GlobalSection(ProjectConfigurationPlatforms) = postSolution
		{00FE126F-3861-4A12-837A-05E09CEA876B}.Debug|Any CPU.ActiveCfg = Debug|Any CPU
		{00FE126F-3861-4A12-837A-05E09CEA876B}.Debug|Any CPU.Build.0 = Debug|Any CPU
		{00FE126F-3861-4A12-837A-05E09CEA876B}.Release|Any CPU.ActiveCfg = Release|Any CPU
		{00FE126F-3861-4A12-837A-05E09CEA876B}.Release|Any CPU.Build.0 = Release|Any CPU
	EndGlobalSection
	GlobalSection(SolutionProperties) = preSolution
		HideSolutionNode = FALSE
	EndGlobalSection
	GlobalSection(ExtensibilityGlobals) = postSolution
		SolutionGuid = {01A51D90-7145-4223-ABC7-83C3E2630B3B}
	EndGlobalSection
EndGlobal
